{
  "name": "fp-private-practice",
  "version": "1.0.0",
  "lockfileVersion": 2,
  "requires": true,
  "packages": {
    "": {
      "version": "1.0.0",
      "license": "ISC",
      "dependencies": {
        "fp-ts": "^2.9.5"
      }
    },
    "node_modules/fp-ts": {
      "version": "2.9.5",
      "resolved": "https://artifactory.woodside.com.au/artifactory/api/npm/npm-woodside-virtual/fp-ts/-/fp-ts-2.9.5.tgz",
      "integrity": "sha1-ZpDNi3a4QhSjj8d8u70Eo4+G6pA=",
      "license": "MIT"
    }
  },
  "dependencies": {
    "fp-ts": {
      "version": "2.9.5",
      "resolved": "https://artifactory.woodside.com.au/artifactory/api/npm/npm-woodside-virtual/fp-ts/-/fp-ts-2.9.5.tgz",
      "integrity": "sha1-ZpDNi3a4QhSjj8d8u70Eo4+G6pA="
    }
  }
}
