{
  "name": "fp-private-practice",
  "version": "1.0.0",
  "lockfileVersion": 1,
  "requires": true,
  "dependencies": {
    "fp-ts": {
      "version": "2.9.5",
      "resolved": "https://artifactory.woodside.com.au/artifactory/api/npm/npm-woodside-virtual/fp-ts/-/fp-ts-2.9.5.tgz",
      "integrity": "sha1-ZpDNi3a4QhSjj8d8u70Eo4+G6pA="
    },
    "typescript": {
      "version": "4.1.4",
      "resolved": "https://registry.npmjs.org/typescript/-/typescript-4.1.4.tgz",
      "integrity": "sha512-+Uru0t8qIRgjuCpiSPpfGuhHecMllk5Zsazj5LZvVsEStEjmIRRBZe+jHjGQvsgS7M1wONy2PQXd67EMyV6acg=="
    }
  }
}
